
Microsoft Visual Studio Solution File, Format Version 12.00
# Visual Studio 14
VisualStudioVersion = 14.0.25420.1
MinimumVisualStudioVersion = 10.0.40219.1
Project("{8BC9CEB8-8B4A-11D0-8D11-00A0C91BC942}") = "PG21-CokBoyutluDizi1", "PG21-CokBoyutluDizi1\PG21-CokBoyutluDizi1.vcxproj", "{8BD1A20B-37F1-4079-A081-8B58DE2724CE}"
EndProject
Global
	GlobalSection(SolutionConfigurationPlatforms) = preSolution
		Debug|x64 = Debug|x64
		Debug|x86 = Debug|x86
		Release|x64 = Release|x64
		Release|x86 = Release|x86
	EndGlobalSection
	GlobalSection(ProjectConfigurationPlatforms) = postSolution
		{8BD1A20B-37F1-4079-A081-8B58DE2724CE}.Debug|x64.ActiveCfg = Debug|x64
		{8BD1A20B-37F1-4079-A081-8B58DE2724CE}.Debug|x64.Build.0 = Debug|x64
		{8BD1A20B-37F1-4079-A081-8B58DE2724CE}.Debug|x86.ActiveCfg = Debug|Win32
		{8BD1A20B-37F1-4079-A081-8B58DE2724CE}.Debug|x86.Build.0 = Debug|Win32
		{8BD1A20B-37F1-4079-A081-8B58DE2724CE}.Release|x64.ActiveCfg = Release|x64
		{8BD1A20B-37F1-4079-A081-8B58DE2724CE}.Release|x64.Build.0 = Release|x64
		{8BD1A20B-37F1-4079-A081-8B58DE2724CE}.Release|x86.ActiveCfg = Release|Win32
		{8BD1A20B-37F1-4079-A081-8B58DE2724CE}.Release|x86.Build.0 = Release|Win32
	EndGlobalSection
	GlobalSection(SolutionProperties) = preSolution
		HideSolutionNode = FALSE
	EndGlobalSection
EndGlobal
